
Microsoft Visual Studio Solution File, Format Version 11.00
# Visual Studio 2010
Project("{FAE04EC0-301F-11D3-BF4B-00C04F79EFBC}") = "Leap Target", "Assembly-CSharp-firstpass.csproj", "{89AC6AA3-B6EE-8D1D-56BC-5A5393299375}"
EndProject
Project("{FAE04EC0-301F-11D3-BF4B-00C04F79EFBC}") = "Leap Target", "Assembly-CSharp.csproj", "{CCA090C0-2BB5-98C1-EBB0-18FC4ED40885}"
EndProject
Project("{FAE04EC0-301F-11D3-BF4B-00C04F79EFBC}") = "Leap Target", "Assembly-CSharp-Editor-firstpass.csproj", "{F528F8AD-F63B-9240-F4A9-9BF282A2001C}"
EndProject
Global
	GlobalSection(SolutionConfigurationPlatforms) = preSolution
		Debug|Any CPU = Debug|Any CPU
		Release|Any CPU = Release|Any CPU
	EndGlobalSection
	GlobalSection(ProjectConfigurationPlatforms) = postSolution
		{89AC6AA3-B6EE-8D1D-56BC-5A5393299375}.Debug|Any CPU.ActiveCfg = Debug|Any CPU
		{89AC6AA3-B6EE-8D1D-56BC-5A5393299375}.Debug|Any CPU.Build.0 = Debug|Any CPU
		{89AC6AA3-B6EE-8D1D-56BC-5A5393299375}.Release|Any CPU.ActiveCfg = Release|Any CPU
		{89AC6AA3-B6EE-8D1D-56BC-5A5393299375}.Release|Any CPU.Build.0 = Release|Any CPU
		{CCA090C0-2BB5-98C1-EBB0-18FC4ED40885}.Debug|Any CPU.ActiveCfg = Debug|Any CPU
		{CCA090C0-2BB5-98C1-EBB0-18FC4ED40885}.Debug|Any CPU.Build.0 = Debug|Any CPU
		{CCA090C0-2BB5-98C1-EBB0-18FC4ED40885}.Release|Any CPU.ActiveCfg = Release|Any CPU
		{CCA090C0-2BB5-98C1-EBB0-18FC4ED40885}.Release|Any CPU.Build.0 = Release|Any CPU
		{F528F8AD-F63B-9240-F4A9-9BF282A2001C}.Debug|Any CPU.ActiveCfg = Debug|Any CPU
		{F528F8AD-F63B-9240-F4A9-9BF282A2001C}.Debug|Any CPU.Build.0 = Debug|Any CPU
		{F528F8AD-F63B-9240-F4A9-9BF282A2001C}.Release|Any CPU.ActiveCfg = Release|Any CPU
		{F528F8AD-F63B-9240-F4A9-9BF282A2001C}.Release|Any CPU.Build.0 = Release|Any CPU
	EndGlobalSection
	GlobalSection(SolutionProperties) = preSolution
		HideSolutionNode = FALSE
	EndGlobalSection
	GlobalSection(MonoDevelopProperties) = preSolution
		StartupItem = Assembly-CSharp.csproj
	EndGlobalSection
EndGlobal
